{
  "object": {
    "pins": [
      {
        "package": "DateGrid",
        "repositoryURL": "https://github.com/yodagamaheshan/DateGrid.git",
        "state": {
          "branch": null,
          "revision": "68378c8276f2d57569fa492188e1d098ea56869b",
          "version": "0.0.3"
        }
      },
      {
        "package": "LoremSwiftum",
        "repositoryURL": "https://github.com/lukaskubanek/LoremSwiftum",
        "state": {
          "branch": "master",
          "revision": "8942e732e50458cde5dccf9996afa16f29372853",
          "version": null
        }
      },
      {
        "package": "SwiftyJSON",
        "repositoryURL": "https://github.com/SwiftyJSON/SwiftyJSON",
        "state": {
          "branch": null,
          "revision": "b3dcd7dbd0d488e1a7077cb33b00f2083e382f07",
          "version": "5.0.1"
        }
      }
    ]
  },
  "version": 1
}
